
Microsoft Visual Studio Solution File, Format Version 12.00
# Visual Studio 15
VisualStudioVersion = 15.0.28307.1340
MinimumVisualStudioVersion = 10.0.40219.1
Project("{FAE04EC0-301F-11D3-BF4B-00C04F79EFBC}") = "ER_Linq", "ER_Linq\ER_Linq.csproj", "{10098401-EB5D-4C92-8B9B-23B2A3BF0E9A}"
EndProject
Global
	GlobalSection(SolutionConfigurationPlatforms) = preSolution
		Debug|Any CPU = Debug|Any CPU
		Release|Any CPU = Release|Any CPU
	EndGlobalSection
	GlobalSection(ProjectConfigurationPlatforms) = postSolution
		{10098401-EB5D-4C92-8B9B-23B2A3BF0E9A}.Debug|Any CPU.ActiveCfg = Debug|Any CPU
		{10098401-EB5D-4C92-8B9B-23B2A3BF0E9A}.Debug|Any CPU.Build.0 = Debug|Any CPU
		{10098401-EB5D-4C92-8B9B-23B2A3BF0E9A}.Release|Any CPU.ActiveCfg = Release|Any CPU
		{10098401-EB5D-4C92-8B9B-23B2A3BF0E9A}.Release|Any CPU.Build.0 = Release|Any CPU
	EndGlobalSection
	GlobalSection(SolutionProperties) = preSolution
		HideSolutionNode = FALSE
	EndGlobalSection
	GlobalSection(ExtensibilityGlobals) = postSolution
		SolutionGuid = {BD1BD46A-59CF-4F3C-9023-1559D6241C41}
	EndGlobalSection
EndGlobal
