
Microsoft Visual Studio Solution File, Format Version 12.00
# Visual Studio 15
VisualStudioVersion = 15.0.28307.1340
MinimumVisualStudioVersion = 10.0.40219.1
Project("{FAE04EC0-301F-11D3-BF4B-00C04F79EFBC}") = "Viagem_Emun", "Viagem_Emun\Viagem_Emun.csproj", "{FA266E06-8A28-4811-B31E-7715E64CC183}"
EndProject
Global
	GlobalSection(SolutionConfigurationPlatforms) = preSolution
		Debug|Any CPU = Debug|Any CPU
		Release|Any CPU = Release|Any CPU
	EndGlobalSection
	GlobalSection(ProjectConfigurationPlatforms) = postSolution
		{FA266E06-8A28-4811-B31E-7715E64CC183}.Debug|Any CPU.ActiveCfg = Debug|Any CPU
		{FA266E06-8A28-4811-B31E-7715E64CC183}.Debug|Any CPU.Build.0 = Debug|Any CPU
		{FA266E06-8A28-4811-B31E-7715E64CC183}.Release|Any CPU.ActiveCfg = Release|Any CPU
		{FA266E06-8A28-4811-B31E-7715E64CC183}.Release|Any CPU.Build.0 = Release|Any CPU
	EndGlobalSection
	GlobalSection(SolutionProperties) = preSolution
		HideSolutionNode = FALSE
	EndGlobalSection
	GlobalSection(ExtensibilityGlobals) = postSolution
		SolutionGuid = {F289B111-6A4D-4D36-8994-509E4F44D203}
	EndGlobalSection
EndGlobal
