
Microsoft Visual Studio Solution File, Format Version 12.00
# Visual Studio 15
VisualStudioVersion = 15.0.28307.1340
MinimumVisualStudioVersion = 10.0.40219.1
Project("{FAE04EC0-301F-11D3-BF4B-00C04F79EFBC}") = "EF_Herenca", "EF_Herenca\EF_Herenca.csproj", "{4F3324E5-6DC7-4957-8058-27984272BFA2}"
EndProject
Global
	GlobalSection(SolutionConfigurationPlatforms) = preSolution
		Debug|Any CPU = Debug|Any CPU
		Release|Any CPU = Release|Any CPU
	EndGlobalSection
	GlobalSection(ProjectConfigurationPlatforms) = postSolution
		{4F3324E5-6DC7-4957-8058-27984272BFA2}.Debug|Any CPU.ActiveCfg = Debug|Any CPU
		{4F3324E5-6DC7-4957-8058-27984272BFA2}.Debug|Any CPU.Build.0 = Debug|Any CPU
		{4F3324E5-6DC7-4957-8058-27984272BFA2}.Release|Any CPU.ActiveCfg = Release|Any CPU
		{4F3324E5-6DC7-4957-8058-27984272BFA2}.Release|Any CPU.Build.0 = Release|Any CPU
	EndGlobalSection
	GlobalSection(SolutionProperties) = preSolution
		HideSolutionNode = FALSE
	EndGlobalSection
	GlobalSection(ExtensibilityGlobals) = postSolution
		SolutionGuid = {B73E44EE-B174-4E96-A189-6A62DE6DBB3F}
	EndGlobalSection
EndGlobal
