
Microsoft Visual Studio Solution File, Format Version 12.00
# Visual Studio 15
VisualStudioVersion = 15.0.28307.1340
MinimumVisualStudioVersion = 10.0.40219.1
Project("{FAE04EC0-301F-11D3-BF4B-00C04F79EFBC}") = "EF_Abstract", "EF_Abstract\EF_Abstract.csproj", "{2701AAFB-C847-45AA-BE4E-1F9FAEF2E126}"
EndProject
Global
	GlobalSection(SolutionConfigurationPlatforms) = preSolution
		Debug|Any CPU = Debug|Any CPU
		Release|Any CPU = Release|Any CPU
	EndGlobalSection
	GlobalSection(ProjectConfigurationPlatforms) = postSolution
		{2701AAFB-C847-45AA-BE4E-1F9FAEF2E126}.Debug|Any CPU.ActiveCfg = Debug|Any CPU
		{2701AAFB-C847-45AA-BE4E-1F9FAEF2E126}.Debug|Any CPU.Build.0 = Debug|Any CPU
		{2701AAFB-C847-45AA-BE4E-1F9FAEF2E126}.Release|Any CPU.ActiveCfg = Release|Any CPU
		{2701AAFB-C847-45AA-BE4E-1F9FAEF2E126}.Release|Any CPU.Build.0 = Release|Any CPU
	EndGlobalSection
	GlobalSection(SolutionProperties) = preSolution
		HideSolutionNode = FALSE
	EndGlobalSection
	GlobalSection(ExtensibilityGlobals) = postSolution
		SolutionGuid = {467FCC22-1C3A-4921-8199-EF8612A9D4C9}
	EndGlobalSection
EndGlobal
